// !$*UTF8*$!
{
	archiveVersion = 1;
	classes = {
	};
	objectVersion = 56;
	objects = {

/* Begin PBXBuildFile section */
		22A4B5962A70BF7C003538BD /* ChatAppDemoApp.swift in Sources */ = {isa = PBXBuildFile; fileRef = 22A4B5952A70BF7C003538BD /* ChatAppDemoApp.swift */; };
		22A4B5982A70BF7C003538BD /* ContentView.swift in Sources */ = {isa = PBXBuildFile; fileRef = 22A4B5972A70BF7C003538BD /* ContentView.swift */; };
		22A4B59A2A70BF7E003538BD /* Assets.xcassets in Resources */ = {isa = PBXBuildFile; fileRef = 22A4B5992A70BF7E003538BD /* Assets.xcassets */; };
		22A4B59D2A70BF7E003538BD /* Preview Assets.xcassets in Resources */ = {isa = PBXBuildFile; fileRef = 22A4B59C2A70BF7E003538BD /* Preview Assets.xcassets */; };
		22A4B5A52A70C1EE003538BD /* TitleRow.swift in Sources */ = {isa = PBXBuildFile; fileRef = 22A4B5A42A70C1EE003538BD /* TitleRow.swift */; };
		22A4B5A82A70C734003538BD /* Message.swift in Sources */ = {isa = PBXBuildFile; fileRef = 22A4B5A72A70C734003538BD /* Message.swift */; };
		22A4B5AA2A70C811003538BD /* MessageBubble.swift in Sources */ = {isa = PBXBuildFile; fileRef = 22A4B5A92A70C811003538BD /* MessageBubble.swift */; };
		22A4B5AC2A70CF5A003538BD /* Extensions.swift in Sources */ = {isa = PBXBuildFile; fileRef = 22A4B5AB2A70CF5A003538BD /* Extensions.swift */; };
		22A4B5AE2A70D469003538BD /* MessageField.swift in Sources */ = {isa = PBXBuildFile; fileRef = 22A4B5AD2A70D469003538BD /* MessageField.swift */; };
		22A4B5CA2A70DE1E003538BD /* GoogleService-Info.plist in Resources */ = {isa = PBXBuildFile; fileRef = 22A4B5C92A70DE1E003538BD /* GoogleService-Info.plist */; };
		22A4B5CD2A70DED1003538BD /* FirebaseFirestore in Frameworks */ = {isa = PBXBuildFile; productRef = 22A4B5CC2A70DED1003538BD /* FirebaseFirestore */; };
		22A4B5CF2A70DED1003538BD /* FirebaseFirestoreSwift in Frameworks */ = {isa = PBXBuildFile; productRef = 22A4B5CE2A70DED1003538BD /* FirebaseFirestoreSwift */; };
		22A4B5D12A70E1C2003538BD /* MessagesManager.swift in Sources */ = {isa = PBXBuildFile; fileRef = 22A4B5D02A70E1C2003538BD /* MessagesManager.swift */; };
/* End PBXBuildFile section */

/* Begin PBXFileReference section */
		22A4B5922A70BF7C003538BD /* ChatAppDemo.app */ = {isa = PBXFileReference; explicitFileType = wrapper.application; includeInIndex = 0; path = ChatAppDemo.app; sourceTree = BUILT_PRODUCTS_DIR; };
		22A4B5952A70BF7C003538BD /* ChatAppDemoApp.swift */ = {isa = PBXFileReference; lastKnownFileType = sourcecode.swift; path = ChatAppDemoApp.swift; sourceTree = "<group>"; };
		22A4B5972A70BF7C003538BD /* ContentView.swift */ = {isa = PBXFileReference; lastKnownFileType = sourcecode.swift; path = ContentView.swift; sourceTree = "<group>"; };
		22A4B5992A70BF7E003538BD /* Assets.xcassets */ = {isa = PBXFileReference; lastKnownFileType = folder.assetcatalog; path = Assets.xcassets; sourceTree = "<group>"; };
		22A4B59C2A70BF7E003538BD /* Preview Assets.xcassets */ = {isa = PBXFileReference; lastKnownFileType = folder.assetcatalog; path = "Preview Assets.xcassets"; sourceTree = "<group>"; };
		22A4B5A42A70C1EE003538BD /* TitleRow.swift */ = {isa = PBXFileReference; lastKnownFileType = sourcecode.swift; path = TitleRow.swift; sourceTree = "<group>"; };
		22A4B5A72A70C734003538BD /* Message.swift */ = {isa = PBXFileReference; lastKnownFileType = sourcecode.swift; path = Message.swift; sourceTree = "<group>"; };
		22A4B5A92A70C811003538BD /* MessageBubble.swift */ = {isa = PBXFileReference; lastKnownFileType = sourcecode.swift; path = MessageBubble.swift; sourceTree = "<group>"; };
		22A4B5AB2A70CF5A003538BD /* Extensions.swift */ = {isa = PBXFileReference; lastKnownFileType = sourcecode.swift; path = Extensions.swift; sourceTree = "<group>"; };
		22A4B5AD2A70D469003538BD /* MessageField.swift */ = {isa = PBXFileReference; lastKnownFileType = sourcecode.swift; path = MessageField.swift; sourceTree = "<group>"; };
		22A4B5C92A70DE1E003538BD /* GoogleService-Info.plist */ = {isa = PBXFileReference; lastKnownFileType = text.plist; path = "GoogleService-Info.plist"; sourceTree = SOURCE_ROOT; };
		22A4B5D02A70E1C2003538BD /* MessagesManager.swift */ = {isa = PBXFileReference; lastKnownFileType = sourcecode.swift; path = MessagesManager.swift; sourceTree = "<group>"; };
/* End PBXFileReference section */

/* Begin PBXFrameworksBuildPhase section */
		22A4B58F2A70BF7C003538BD /* Frameworks */ = {
			isa = PBXFrameworksBuildPhase;
			buildActionMask = 2147483647;
			files = (
				22A4B5CD2A70DED1003538BD /* FirebaseFirestore in Frameworks */,
				22A4B5CF2A70DED1003538BD /* FirebaseFirestoreSwift in Frameworks */,
			);
			runOnlyForDeploymentPostprocessing = 0;
		};
/* End PBXFrameworksBuildPhase section */

/* Begin PBXGroup section */
		22A4B5892A70BF7C003538BD = {
			isa = PBXGroup;
			children = (
				22A4B5942A70BF7C003538BD /* ChatAppDemo */,
				22A4B5932A70BF7C003538BD /* Products */,
			);
			sourceTree = "<group>";
		};
		22A4B5932A70BF7C003538BD /* Products */ = {
			isa = PBXGroup;
			children = (
				22A4B5922A70BF7C003538BD /* ChatAppDemo.app */,
			);
			name = Products;
			sourceTree = "<group>";
		};
		22A4B5942A70BF7C003538BD /* ChatAppDemo */ = {
			isa = PBXGroup;
			children = (
				22A4B5952A70BF7C003538BD /* ChatAppDemoApp.swift */,
				22A4B5972A70BF7C003538BD /* ContentView.swift */,
				22A4B5AB2A70CF5A003538BD /* Extensions.swift */,
				22A4B5C92A70DE1E003538BD /* GoogleService-Info.plist */,
				22A4B5A62A70C6DC003538BD /* Models */,
				22A4B5A32A70C1AD003538BD /* Components */,
				22A4B5992A70BF7E003538BD /* Assets.xcassets */,
				22A4B59B2A70BF7E003538BD /* Preview Content */,
				22A4B5D02A70E1C2003538BD /* MessagesManager.swift */,
			);
			path = ChatAppDemo;
			sourceTree = "<group>";
		};
		22A4B59B2A70BF7E003538BD /* Preview Content */ = {
			isa = PBXGroup;
			children = (
				22A4B59C2A70BF7E003538BD /* Preview Assets.xcassets */,
			);
			path = "Preview Content";
			sourceTree = "<group>";
		};
		22A4B5A32A70C1AD003538BD /* Components */ = {
			isa = PBXGroup;
			children = (
				22A4B5A42A70C1EE003538BD /* TitleRow.swift */,
				22A4B5A92A70C811003538BD /* MessageBubble.swift */,
				22A4B5AD2A70D469003538BD /* MessageField.swift */,
			);
			path = Components;
			sourceTree = "<group>";
		};
		22A4B5A62A70C6DC003538BD /* Models */ = {
			isa = PBXGroup;
			children = (
				22A4B5A72A70C734003538BD /* Message.swift */,
			);
			path = Models;
			sourceTree = "<group>";
		};
/* End PBXGroup section */

/* Begin PBXNativeTarget section */
		22A4B5912A70BF7C003538BD /* ChatAppDemo */ = {
			isa = PBXNativeTarget;
			buildConfigurationList = 22A4B5A02A70BF7E003538BD /* Build configuration list for PBXNativeTarget "ChatAppDemo" */;
			buildPhases = (
				22A4B58E2A70BF7C003538BD /* Sources */,
				22A4B58F2A70BF7C003538BD /* Frameworks */,
				22A4B5902A70BF7C003538BD /* Resources */,
			);
			buildRules = (
			);
			dependencies = (
			);
			name = ChatAppDemo;
			packageProductDependencies = (
				22A4B5CC2A70DED1003538BD /* FirebaseFirestore */,
				22A4B5CE2A70DED1003538BD /* FirebaseFirestoreSwift */,
			);
			productName = ChatAppDemo;
			productReference = 22A4B5922A70BF7C003538BD /* ChatAppDemo.app */;
			productType = "com.apple.product-type.application";
		};
/* End PBXNativeTarget section */

/* Begin PBXProject section */
		22A4B58A2A70BF7C003538BD /* Project object */ = {
			isa = PBXProject;
			attributes = {
				BuildIndependentTargetsInParallel = 1;
				LastSwiftUpdateCheck = 1430;
				LastUpgradeCheck = 1430;
				TargetAttributes = {
					22A4B5912A70BF7C003538BD = {
						CreatedOnToolsVersion = 14.3.1;
					};
				};
			};
			buildConfigurationList = 22A4B58D2A70BF7C003538BD /* Build configuration list for PBXProject "ChatAppDemo" */;
			compatibilityVersion = "Xcode 14.0";
			developmentRegion = en;
			hasScannedForEncodings = 0;
			knownRegions = (
				en,
				Base,
			);
			mainGroup = 22A4B5892A70BF7C003538BD;
			packageReferences = (
				22A4B5CB2A70DED1003538BD /* XCRemoteSwiftPackageReference "firebase-ios-sdk" */,
			);
			productRefGroup = 22A4B5932A70BF7C003538BD /* Products */;
			projectDirPath = "";
			projectRoot = "";
			targets = (
				22A4B5912A70BF7C003538BD /* ChatAppDemo */,
			);
		};
/* End PBXProject section */

/* Begin PBXResourcesBuildPhase section */
		22A4B5902A70BF7C003538BD /* Resources */ = {
			isa = PBXResourcesBuildPhase;
			buildActionMask = 2147483647;
			files = (
				22A4B59D2A70BF7E003538BD /* Preview Assets.xcassets in Resources */,
				22A4B59A2A70BF7E003538BD /* Assets.xcassets in Resources */,
				22A4B5CA2A70DE1E003538BD /* GoogleService-Info.plist in Resources */,
			);
			runOnlyForDeploymentPostprocessing = 0;
		};
/* End PBXResourcesBuildPhase section */

/* Begin PBXSourcesBuildPhase section */
		22A4B58E2A70BF7C003538BD /* Sources */ = {
			isa = PBXSourcesBuildPhase;
			buildActionMask = 2147483647;
			files = (
				22A4B5982A70BF7C003538BD /* ContentView.swift in Sources */,
				22A4B5AC2A70CF5A003538BD /* Extensions.swift in Sources */,
				22A4B5A82A70C734003538BD /* Message.swift in Sources */,
				22A4B5D12A70E1C2003538BD /* MessagesManager.swift in Sources */,
				22A4B5AE2A70D469003538BD /* MessageField.swift in Sources */,
				22A4B5AA2A70C811003538BD /* MessageBubble.swift in Sources */,
				22A4B5962A70BF7C003538BD /* ChatAppDemoApp.swift in Sources */,
				22A4B5A52A70C1EE003538BD /* TitleRow.swift in Sources */,
			);
			runOnlyForDeploymentPostprocessing = 0;
		};
/* End PBXSourcesBuildPhase section */

/* Begin XCBuildConfiguration section */
		22A4B59E2A70BF7E003538BD /* Debug */ = {
			isa = XCBuildConfiguration;
			buildSettings = {
				ALWAYS_SEARCH_USER_PATHS = NO;
				CLANG_ANALYZER_NONNULL = YES;
				CLANG_ANALYZER_NUMBER_OBJECT_CONVERSION = YES_AGGRESSIVE;
				CLANG_CXX_LANGUAGE_STANDARD = "gnu++20";
				CLANG_ENABLE_MODULES = YES;
				CLANG_ENABLE_OBJC_ARC = YES;
				CLANG_ENABLE_OBJC_WEAK = YES;
				CLANG_WARN_BLOCK_CAPTURE_AUTORELEASING = YES;
				CLANG_WARN_BOOL_CONVERSION = YES;
				CLANG_WARN_COMMA = YES;
				CLANG_WARN_CONSTANT_CONVERSION = YES;
				CLANG_WARN_DEPRECATED_OBJC_IMPLEMENTATIONS = YES;
				CLANG_WARN_DIRECT_OBJC_ISA_USAGE = YES_ERROR;
				CLANG_WARN_DOCUMENTATION_COMMENTS = YES;
				CLANG_WARN_EMPTY_BODY = YES;
				CLANG_WARN_ENUM_CONVERSION = YES;
				CLANG_WARN_INFINITE_RECURSION = YES;
				CLANG_WARN_INT_CONVERSION = YES;
				CLANG_WARN_NON_LITERAL_NULL_CONVERSION = YES;
				CLANG_WARN_OBJC_IMPLICIT_RETAIN_SELF = YES;
				CLANG_WARN_OBJC_LITERAL_CONVERSION = YES;
				CLANG_WARN_OBJC_ROOT_CLASS = YES_ERROR;
				CLANG_WARN_QUOTED_INCLUDE_IN_FRAMEWORK_HEADER = YES;
				CLANG_WARN_RANGE_LOOP_ANALYSIS = YES;
				CLANG_WARN_STRICT_PROTOTYPES = YES;
				CLANG_WARN_SUSPICIOUS_MOVE = YES;
				CLANG_WARN_UNGUARDED_AVAILABILITY = YES_AGGRESSIVE;
				CLANG_WARN_UNREACHABLE_CODE = YES;
				CLANG_WARN__DUPLICATE_METHOD_MATCH = YES;
				COPY_PHASE_STRIP = NO;
				DEBUG_INFORMATION_FORMAT = dwarf;
				ENABLE_STRICT_OBJC_MSGSEND = YES;
				ENABLE_TESTABILITY = YES;
				GCC_C_LANGUAGE_STANDARD = gnu11;
				GCC_DYNAMIC_NO_PIC = NO;
				GCC_NO_COMMON_BLOCKS = YES;
				GCC_OPTIMIZATION_LEVEL = 0;
				GCC_PREPROCESSOR_DEFINITIONS = (
					"DEBUG=1",
					"$(inherited)",
				);
				GCC_WARN_64_TO_32_BIT_CONVERSION = YES;
				GCC_WARN_ABOUT_RETURN_TYPE = YES_ERROR;
				GCC_WARN_UNDECLARED_SELECTOR = YES;
				GCC_WARN_UNINITIALIZED_AUTOS = YES_AGGRESSIVE;
				GCC_WARN_UNUSED_FUNCTION = YES;
				GCC_WARN_UNUSED_VARIABLE = YES;
				IPHONEOS_DEPLOYMENT_TARGET = 16.4;
				MTL_ENABLE_DEBUG_INFO = INCLUDE_SOURCE;
				MTL_FAST_MATH = YES;
				ONLY_ACTIVE_ARCH = YES;
				SDKROOT = iphoneos;
				SWIFT_ACTIVE_COMPILATION_CONDITIONS = DEBUG;
				SWIFT_OPTIMIZATION_LEVEL = "-Onone";
			};
			name = Debug;
		};
		22A4B59F2A70BF7E003538BD /* Release */ = {
			isa = XCBuildConfiguration;
			buildSettings = {
				ALWAYS_SEARCH_USER_PATHS = NO;
				CLANG_ANALYZER_NONNULL = YES;
				CLANG_ANALYZER_NUMBER_OBJECT_CONVERSION = YES_AGGRESSIVE;
				CLANG_CXX_LANGUAGE_STANDARD = "gnu++20";
				CLANG_ENABLE_MODULES = YES;
				CLANG_ENABLE_OBJC_ARC = YES;
				CLANG_ENABLE_OBJC_WEAK = YES;
				CLANG_WARN_BLOCK_CAPTURE_AUTORELEASING = YES;
				CLANG_WARN_BOOL_CONVERSION = YES;
				CLANG_WARN_COMMA = YES;
				CLANG_WARN_CONSTANT_CONVERSION = YES;
				CLANG_WARN_DEPRECATED_OBJC_IMPLEMENTATIONS = YES;
				CLANG_WARN_DIRECT_OBJC_ISA_USAGE = YES_ERROR;
				CLANG_WARN_DOCUMENTATION_COMMENTS = YES;
				CLANG_WARN_EMPTY_BODY = YES;
				CLANG_WARN_ENUM_CONVERSION = YES;
				CLANG_WARN_INFINITE_RECURSION = YES;
				CLANG_WARN_INT_CONVERSION = YES;
				CLANG_WARN_NON_LITERAL_NULL_CONVERSION = YES;
				CLANG_WARN_OBJC_IMPLICIT_RETAIN_SELF = YES;
				CLANG_WARN_OBJC_LITERAL_CONVERSION = YES;
				CLANG_WARN_OBJC_ROOT_CLASS = YES_ERROR;
				CLANG_WARN_QUOTED_INCLUDE_IN_FRAMEWORK_HEADER = YES;
				CLANG_WARN_RANGE_LOOP_ANALYSIS = YES;
				CLANG_WARN_STRICT_PROTOTYPES = YES;
				CLANG_WARN_SUSPICIOUS_MOVE = YES;
				CLANG_WARN_UNGUARDED_AVAILABILITY = YES_AGGRESSIVE;
				CLANG_WARN_UNREACHABLE_CODE = YES;
				CLANG_WARN__DUPLICATE_METHOD_MATCH = YES;
				COPY_PHASE_STRIP = NO;
				DEBUG_INFORMATION_FORMAT = "dwarf-with-dsym";
				ENABLE_NS_ASSERTIONS = NO;
				ENABLE_STRICT_OBJC_MSGSEND = YES;
				GCC_C_LANGUAGE_STANDARD = gnu11;
				GCC_NO_COMMON_BLOCKS = YES;
				GCC_WARN_64_TO_32_BIT_CONVERSION = YES;
				GCC_WARN_ABOUT_RETURN_TYPE = YES_ERROR;
				GCC_WARN_UNDECLARED_SELECTOR = YES;
				GCC_WARN_UNINITIALIZED_AUTOS = YES_AGGRESSIVE;
				GCC_WARN_UNUSED_FUNCTION = YES;
				GCC_WARN_UNUSED_VARIABLE = YES;
				IPHONEOS_DEPLOYMENT_TARGET = 16.4;
				MTL_ENABLE_DEBUG_INFO = NO;
				MTL_FAST_MATH = YES;
				SDKROOT = iphoneos;
				SWIFT_COMPILATION_MODE = wholemodule;
				SWIFT_OPTIMIZATION_LEVEL = "-O";
				VALIDATE_PRODUCT = YES;
			};
			name = Release;
		};
		22A4B5A12A70BF7E003538BD /* Debug */ = {
			isa = XCBuildConfiguration;
			buildSettings = {
				ASSETCATALOG_COMPILER_APPICON_NAME = AppIcon;
				ASSETCATALOG_COMPILER_GLOBAL_ACCENT_COLOR_NAME = AccentColor;
				CODE_SIGN_STYLE = Automatic;
				CURRENT_PROJECT_VERSION = 1;
				DEVELOPMENT_ASSET_PATHS = "\"ChatAppDemo/Preview Content\"";
				DEVELOPMENT_TEAM = 4PFTC9UT9F;
				ENABLE_PREVIEWS = YES;
				GENERATE_INFOPLIST_FILE = YES;
				INFOPLIST_KEY_UIApplicationSceneManifest_Generation = YES;
				INFOPLIST_KEY_UIApplicationSupportsIndirectInputEvents = YES;
				INFOPLIST_KEY_UILaunchScreen_Generation = YES;
				INFOPLIST_KEY_UISupportedInterfaceOrientations_iPad = "UIInterfaceOrientationPortrait UIInterfaceOrientationPortraitUpsideDown UIInterfaceOrientationLandscapeLeft UIInterfaceOrientationLandscapeRight";
				INFOPLIST_KEY_UISupportedInterfaceOrientations_iPhone = "UIInterfaceOrientationPortrait UIInterfaceOrientationLandscapeLeft UIInterfaceOrientationLandscapeRight";
				LD_RUNPATH_SEARCH_PATHS = (
					"$(inherited)",
					"@executable_path/Frameworks",
				);
				MARKETING_VERSION = 1.0;
				PRODUCT_BUNDLE_IDENTIFIER = airisw.ChatAppDemo;
				PRODUCT_NAME = "$(TARGET_NAME)";
				SWIFT_EMIT_LOC_STRINGS = YES;
				SWIFT_VERSION = 5.0;
				TARGETED_DEVICE_FAMILY = "1,2";
			};
			name = Debug;
		};
		22A4B5A22A70BF7E003538BD /* Release */ = {
			isa = XCBuildConfiguration;
			buildSettings = {
				ASSETCATALOG_COMPILER_APPICON_NAME = AppIcon;
				ASSETCATALOG_COMPILER_GLOBAL_ACCENT_COLOR_NAME = AccentColor;
				CODE_SIGN_STYLE = Automatic;
				CURRENT_PROJECT_VERSION = 1;
				DEVELOPMENT_ASSET_PATHS = "\"ChatAppDemo/Preview Content\"";
				DEVELOPMENT_TEAM = 4PFTC9UT9F;
				ENABLE_PREVIEWS = YES;
				GENERATE_INFOPLIST_FILE = YES;
				INFOPLIST_KEY_UIApplicationSceneManifest_Generation = YES;
				INFOPLIST_KEY_UIApplicationSupportsIndirectInputEvents = YES;
				INFOPLIST_KEY_UILaunchScreen_Generation = YES;
				INFOPLIST_KEY_UISupportedInterfaceOrientations_iPad = "UIInterfaceOrientationPortrait UIInterfaceOrientationPortraitUpsideDown UIInterfaceOrientationLandscapeLeft UIInterfaceOrientationLandscapeRight";
				INFOPLIST_KEY_UISupportedInterfaceOrientations_iPhone = "UIInterfaceOrientationPortrait UIInterfaceOrientationLandscapeLeft UIInterfaceOrientationLandscapeRight";
				LD_RUNPATH_SEARCH_PATHS = (
					"$(inherited)",
					"@executable_path/Frameworks",
				);
				MARKETING_VERSION = 1.0;
				PRODUCT_BUNDLE_IDENTIFIER = airisw.ChatAppDemo;
				PRODUCT_NAME = "$(TARGET_NAME)";
				SWIFT_EMIT_LOC_STRINGS = YES;
				SWIFT_VERSION = 5.0;
				TARGETED_DEVICE_FAMILY = "1,2";
			};
			name = Release;
		};
/* End XCBuildConfiguration section */

/* Begin XCConfigurationList section */
		22A4B58D2A70BF7C003538BD /* Build configuration list for PBXProject "ChatAppDemo" */ = {
			isa = XCConfigurationList;
			buildConfigurations = (
				22A4B59E2A70BF7E003538BD /* Debug */,
				22A4B59F2A70BF7E003538BD /* Release */,
			);
			defaultConfigurationIsVisible = 0;
			defaultConfigurationName = Release;
		};
		22A4B5A02A70BF7E003538BD /* Build configuration list for PBXNativeTarget "ChatAppDemo" */ = {
			isa = XCConfigurationList;
			buildConfigurations = (
				22A4B5A12A70BF7E003538BD /* Debug */,
				22A4B5A22A70BF7E003538BD /* Release */,
			);
			defaultConfigurationIsVisible = 0;
			defaultConfigurationName = Release;
		};
/* End XCConfigurationList section */

/* Begin XCRemoteSwiftPackageReference section */
		22A4B5CB2A70DED1003538BD /* XCRemoteSwiftPackageReference "firebase-ios-sdk" */ = {
			isa = XCRemoteSwiftPackageReference;
			repositoryURL = "https://github.com/firebase/firebase-ios-sdk";
			requirement = {
				kind = upToNextMajorVersion;
				minimumVersion = 10.0.0;
			};
		};
/* End XCRemoteSwiftPackageReference section */

/* Begin XCSwiftPackageProductDependency section */
		22A4B5CC2A70DED1003538BD /* FirebaseFirestore */ = {
			isa = XCSwiftPackageProductDependency;
			package = 22A4B5CB2A70DED1003538BD /* XCRemoteSwiftPackageReference "firebase-ios-sdk" */;
			productName = FirebaseFirestore;
		};
		22A4B5CE2A70DED1003538BD /* FirebaseFirestoreSwift */ = {
			isa = XCSwiftPackageProductDependency;
			package = 22A4B5CB2A70DED1003538BD /* XCRemoteSwiftPackageReference "firebase-ios-sdk" */;
			productName = FirebaseFirestoreSwift;
		};
/* End XCSwiftPackageProductDependency section */
	};
	rootObject = 22A4B58A2A70BF7C003538BD /* Project object */;
}
